{
  "requires": true,
  "lockfileVersion": 1,
  "dependencies": {
    "@alan-ai/alan-sdk-web": {
      "version": "1.8.5",
      "resolved": "https://registry.npmjs.org/@alan-ai/alan-sdk-web/-/alan-sdk-web-1.8.5.tgz",
      "integrity": "sha512-0X38nnTOEybr5or48z/+ol9NTZ/2BMvVx98UeRGyv0hyGu+WUUEmmgyeI2Yg67ff/0OZ5l73vz22JCOL1fJx6Q=="
    }
  }
}
